// !$*UTF8*$!
{
	archiveVersion = 1;
	classes = {
	};
	objectVersion = 50;
	objects = {

/* Begin PBXBuildFile section */
		0EECAD96263E6EB800EF3D27 /* HelloSwiftUIApp.swift in Sources */ = {isa = PBXBuildFile; fileRef = 0EECAD95263E6EB800EF3D27 /* HelloSwiftUIApp.swift */; };
		0EECAD98263E6EB800EF3D27 /* ContentView.swift in Sources */ = {isa = PBXBuildFile; fileRef = 0EECAD97263E6EB800EF3D27 /* ContentView.swift */; };
		0EECAD9A263E6EBA00EF3D27 /* Assets.xcassets in Resources */ = {isa = PBXBuildFile; fileRef = 0EECAD99263E6EBA00EF3D27 /* Assets.xcassets */; };
		0EECAD9D263E6EBA00EF3D27 /* Preview Assets.xcassets in Resources */ = {isa = PBXBuildFile; fileRef = 0EECAD9C263E6EBA00EF3D27 /* Preview Assets.xcassets */; };
		0EECADA8263E6EBA00EF3D27 /* HelloSwiftUITests.swift in Sources */ = {isa = PBXBuildFile; fileRef = 0EECADA7263E6EBA00EF3D27 /* HelloSwiftUITests.swift */; };
		0EECADB3263E6EBA00EF3D27 /* HelloSwiftUIUITests.swift in Sources */ = {isa = PBXBuildFile; fileRef = 0EECADB2263E6EBA00EF3D27 /* HelloSwiftUIUITests.swift */; };
/* End PBXBuildFile section */

/* Begin PBXContainerItemProxy section */
		0EECADA4263E6EBA00EF3D27 /* PBXContainerItemProxy */ = {
			isa = PBXContainerItemProxy;
			containerPortal = 0EECAD8A263E6EB800EF3D27 /* Project object */;
			proxyType = 1;
			remoteGlobalIDString = 0EECAD91263E6EB800EF3D27;
			remoteInfo = HelloSwiftUI;
		};
		0EECADAF263E6EBA00EF3D27 /* PBXContainerItemProxy */ = {
			isa = PBXContainerItemProxy;
			containerPortal = 0EECAD8A263E6EB800EF3D27 /* Project object */;
			proxyType = 1;
			remoteGlobalIDString = 0EECAD91263E6EB800EF3D27;
			remoteInfo = HelloSwiftUI;
		};
/* End PBXContainerItemProxy section */

/* Begin PBXFileReference section */
		0EECAD92263E6EB800EF3D27 /* HelloSwiftUI.app */ = {isa = PBXFileReference; explicitFileType = wrapper.application; includeInIndex = 0; path = HelloSwiftUI.app; sourceTree = BUILT_PRODUCTS_DIR; };
		0EECAD95263E6EB800EF3D27 /* HelloSwiftUIApp.swift */ = {isa = PBXFileReference; lastKnownFileType = sourcecode.swift; path = HelloSwiftUIApp.swift; sourceTree = "<group>"; };
		0EECAD97263E6EB800EF3D27 /* ContentView.swift */ = {isa = PBXFileReference; lastKnownFileType = sourcecode.swift; path = ContentView.swift; sourceTree = "<group>"; };
		0EECAD99263E6EBA00EF3D27 /* Assets.xcassets */ = {isa = PBXFileReference; lastKnownFileType = folder.assetcatalog; path = Assets.xcassets; sourceTree = "<group>"; };
		0EECAD9C263E6EBA00EF3D27 /* Preview Assets.xcassets */ = {isa = PBXFileReference; lastKnownFileType = folder.assetcatalog; path = "Preview Assets.xcassets"; sourceTree = "<group>"; };
		0EECAD9E263E6EBA00EF3D27 /* Info.plist */ = {isa = PBXFileReference; lastKnownFileType = text.plist.xml; path = Info.plist; sourceTree = "<group>"; };
		0EECADA3263E6EBA00EF3D27 /* HelloSwiftUITests.xctest */ = {isa = PBXFileReference; explicitFileType = wrapper.cfbundle; includeInIndex = 0; path = HelloSwiftUITests.xctest; sourceTree = BUILT_PRODUCTS_DIR; };
		0EECADA7263E6EBA00EF3D27 /* HelloSwiftUITests.swift */ = {isa = PBXFileReference; lastKnownFileType = sourcecode.swift; path = HelloSwiftUITests.swift; sourceTree = "<group>"; };
		0EECADA9263E6EBA00EF3D27 /* Info.plist */ = {isa = PBXFileReference; lastKnownFileType = text.plist.xml; path = Info.plist; sourceTree = "<group>"; };
		0EECADAE263E6EBA00EF3D27 /* HelloSwiftUIUITests.xctest */ = {isa = PBXFileReference; explicitFileType = wrapper.cfbundle; includeInIndex = 0; path = HelloSwiftUIUITests.xctest; sourceTree = BUILT_PRODUCTS_DIR; };
		0EECADB2263E6EBA00EF3D27 /* HelloSwiftUIUITests.swift */ = {isa = PBXFileReference; lastKnownFileType = sourcecode.swift; path = HelloSwiftUIUITests.swift; sourceTree = "<group>"; };
		0EECADB4263E6EBA00EF3D27 /* Info.plist */ = {isa = PBXFileReference; lastKnownFileType = text.plist.xml; path = Info.plist; sourceTree = "<group>"; };
/* End PBXFileReference section */

/* Begin PBXFrameworksBuildPhase section */
		0EECAD8F263E6EB800EF3D27 /* Frameworks */ = {
			isa = PBXFrameworksBuildPhase;
			buildActionMask = 2147483647;
			files = (
			);
			runOnlyForDeploymentPostprocessing = 0;
		};
		0EECADA0263E6EBA00EF3D27 /* Frameworks */ = {
			isa = PBXFrameworksBuildPhase;
			buildActionMask = 2147483647;
			files = (
			);
			runOnlyForDeploymentPostprocessing = 0;
		};
		0EECADAB263E6EBA00EF3D27 /* Frameworks */ = {
			isa = PBXFrameworksBuildPhase;
			buildActionMask = 2147483647;
			files = (
			);
			runOnlyForDeploymentPostprocessing = 0;
		};
/* End PBXFrameworksBuildPhase section */

/* Begin PBXGroup section */
		0EECAD89263E6EB800EF3D27 = {
			isa = PBXGroup;
			children = (
				0EECAD94263E6EB800EF3D27 /* HelloSwiftUI */,
				0EECADA6263E6EBA00EF3D27 /* HelloSwiftUITests */,
				0EECADB1263E6EBA00EF3D27 /* HelloSwiftUIUITests */,
				0EECAD93263E6EB800EF3D27 /* Products */,
			);
			sourceTree = "<group>";
		};
		0EECAD93263E6EB800EF3D27 /* Products */ = {
			isa = PBXGroup;
			children = (
				0EECAD92263E6EB800EF3D27 /* HelloSwiftUI.app */,
				0EECADA3263E6EBA00EF3D27 /* HelloSwiftUITests.xctest */,
				0EECADAE263E6EBA00EF3D27 /* HelloSwiftUIUITests.xctest */,
			);
			name = Products;
			sourceTree = "<group>";
		};
		0EECAD94263E6EB800EF3D27 /* HelloSwiftUI */ = {
			isa = PBXGroup;
			children = (
				0EECAD95263E6EB800EF3D27 /* HelloSwiftUIApp.swift */,
				0EECAD97263E6EB800EF3D27 /* ContentView.swift */,
				0EECAD99263E6EBA00EF3D27 /* Assets.xcassets */,
				0EECAD9E263E6EBA00EF3D27 /* Info.plist */,
				0EECAD9B263E6EBA00EF3D27 /* Preview Content */,
			);
			path = HelloSwiftUI;
			sourceTree = "<group>";
		};
		0EECAD9B263E6EBA00EF3D27 /* Preview Content */ = {
			isa = PBXGroup;
			children = (
				0EECAD9C263E6EBA00EF3D27 /* Preview Assets.xcassets */,
			);
			path = "Preview Content";
			sourceTree = "<group>";
		};
		0EECADA6263E6EBA00EF3D27 /* HelloSwiftUITests */ = {
			isa = PBXGroup;
			children = (
				0EECADA7263E6EBA00EF3D27 /* HelloSwiftUITests.swift */,
				0EECADA9263E6EBA00EF3D27 /* Info.plist */,
			);
			path = HelloSwiftUITests;
			sourceTree = "<group>";
		};
		0EECADB1263E6EBA00EF3D27 /* HelloSwiftUIUITests */ = {
			isa = PBXGroup;
			children = (
				0EECADB2263E6EBA00EF3D27 /* HelloSwiftUIUITests.swift */,
				0EECADB4263E6EBA00EF3D27 /* Info.plist */,
			);
			path = HelloSwiftUIUITests;
			sourceTree = "<group>";
		};
/* End PBXGroup section */

/* Begin PBXNativeTarget section */
		0EECAD91263E6EB800EF3D27 /* HelloSwiftUI */ = {
			isa = PBXNativeTarget;
			buildConfigurationList = 0EECADB7263E6EBA00EF3D27 /* Build configuration list for PBXNativeTarget "HelloSwiftUI" */;
			buildPhases = (
				0EECAD8E263E6EB800EF3D27 /* Sources */,
				0EECAD8F263E6EB800EF3D27 /* Frameworks */,
				0EECAD90263E6EB800EF3D27 /* Resources */,
			);
			buildRules = (
			);
			dependencies = (
			);
			name = HelloSwiftUI;
			productName = HelloSwiftUI;
			productReference = 0EECAD92263E6EB800EF3D27 /* HelloSwiftUI.app */;
			productType = "com.apple.product-type.application";
		};
		0EECADA2263E6EBA00EF3D27 /* HelloSwiftUITests */ = {
			isa = PBXNativeTarget;
			buildConfigurationList = 0EECADBA263E6EBA00EF3D27 /* Build configuration list for PBXNativeTarget "HelloSwiftUITests" */;
			buildPhases = (
				0EECAD9F263E6EBA00EF3D27 /* Sources */,
				0EECADA0263E6EBA00EF3D27 /* Frameworks */,
				0EECADA1263E6EBA00EF3D27 /* Resources */,
			);
			buildRules = (
			);
			dependencies = (
				0EECADA5263E6EBA00EF3D27 /* PBXTargetDependency */,
			);
			name = HelloSwiftUITests;
			productName = HelloSwiftUITests;
			productReference = 0EECADA3263E6EBA00EF3D27 /* HelloSwiftUITests.xctest */;
			productType = "com.apple.product-type.bundle.unit-test";
		};
		0EECADAD263E6EBA00EF3D27 /* HelloSwiftUIUITests */ = {
			isa = PBXNativeTarget;
			buildConfigurationList = 0EECADBD263E6EBA00EF3D27 /* Build configuration list for PBXNativeTarget "HelloSwiftUIUITests" */;
			buildPhases = (
				0EECADAA263E6EBA00EF3D27 /* Sources */,
				0EECADAB263E6EBA00EF3D27 /* Frameworks */,
				0EECADAC263E6EBA00EF3D27 /* Resources */,
			);
			buildRules = (
			);
			dependencies = (
				0EECADB0263E6EBA00EF3D27 /* PBXTargetDependency */,
			);
			name = HelloSwiftUIUITests;
			productName = HelloSwiftUIUITests;
			productReference = 0EECADAE263E6EBA00EF3D27 /* HelloSwiftUIUITests.xctest */;
			productType = "com.apple.product-type.bundle.ui-testing";
		};
/* End PBXNativeTarget section */

/* Begin PBXProject section */
		0EECAD8A263E6EB800EF3D27 /* Project object */ = {
			isa = PBXProject;
			attributes = {
				LastSwiftUpdateCheck = 1250;
				LastUpgradeCheck = 1250;
				TargetAttributes = {
					0EECAD91263E6EB800EF3D27 = {
						CreatedOnToolsVersion = 12.5;
					};
					0EECADA2263E6EBA00EF3D27 = {
						CreatedOnToolsVersion = 12.5;
						TestTargetID = 0EECAD91263E6EB800EF3D27;
					};
					0EECADAD263E6EBA00EF3D27 = {
						CreatedOnToolsVersion = 12.5;
						TestTargetID = 0EECAD91263E6EB800EF3D27;
					};
				};
			};
			buildConfigurationList = 0EECAD8D263E6EB800EF3D27 /* Build configuration list for PBXProject "HelloSwiftUI" */;
			compatibilityVersion = "Xcode 9.3";
			developmentRegion = en;
			hasScannedForEncodings = 0;
			knownRegions = (
				en,
				Base,
			);
			mainGroup = 0EECAD89263E6EB800EF3D27;
			productRefGroup = 0EECAD93263E6EB800EF3D27 /* Products */;
			projectDirPath = "";
			projectRoot = "";
			targets = (
				0EECAD91263E6EB800EF3D27 /* HelloSwiftUI */,
				0EECADA2263E6EBA00EF3D27 /* HelloSwiftUITests */,
				0EECADAD263E6EBA00EF3D27 /* HelloSwiftUIUITests */,
			);
		};
/* End PBXProject section */

/* Begin PBXResourcesBuildPhase section */
		0EECAD90263E6EB800EF3D27 /* Resources */ = {
			isa = PBXResourcesBuildPhase;
			buildActionMask = 2147483647;
			files = (
				0EECAD9D263E6EBA00EF3D27 /* Preview Assets.xcassets in Resources */,
				0EECAD9A263E6EBA00EF3D27 /* Assets.xcassets in Resources */,
			);
			runOnlyForDeploymentPostprocessing = 0;
		};
		0EECADA1263E6EBA00EF3D27 /* Resources */ = {
			isa = PBXResourcesBuildPhase;
			buildActionMask = 2147483647;
			files = (
			);
			runOnlyForDeploymentPostprocessing = 0;
		};
		0EECADAC263E6EBA00EF3D27 /* Resources */ = {
			isa = PBXResourcesBuildPhase;
			buildActionMask = 2147483647;
			files = (
			);
			runOnlyForDeploymentPostprocessing = 0;
		};
/* End PBXResourcesBuildPhase section */

/* Begin PBXSourcesBuildPhase section */
		0EECAD8E263E6EB800EF3D27 /* Sources */ = {
			isa = PBXSourcesBuildPhase;
			buildActionMask = 2147483647;
			files = (
				0EECAD98263E6EB800EF3D27 /* ContentView.swift in Sources */,
				0EECAD96263E6EB800EF3D27 /* HelloSwiftUIApp.swift in Sources */,
			);
			runOnlyForDeploymentPostprocessing = 0;
		};
		0EECAD9F263E6EBA00EF3D27 /* Sources */ = {
			isa = PBXSourcesBuildPhase;
			buildActionMask = 2147483647;
			files = (
				0EECADA8263E6EBA00EF3D27 /* HelloSwiftUITests.swift in Sources */,
			);
			runOnlyForDeploymentPostprocessing = 0;
		};
		0EECADAA263E6EBA00EF3D27 /* Sources */ = {
			isa = PBXSourcesBuildPhase;
			buildActionMask = 2147483647;
			files = (
				0EECADB3263E6EBA00EF3D27 /* HelloSwiftUIUITests.swift in Sources */,
			);
			runOnlyForDeploymentPostprocessing = 0;
		};
/* End PBXSourcesBuildPhase section */

/* Begin PBXTargetDependency section */
		0EECADA5263E6EBA00EF3D27 /* PBXTargetDependency */ = {
			isa = PBXTargetDependency;
			target = 0EECAD91263E6EB800EF3D27 /* HelloSwiftUI */;
			targetProxy = 0EECADA4263E6EBA00EF3D27 /* PBXContainerItemProxy */;
		};
		0EECADB0263E6EBA00EF3D27 /* PBXTargetDependency */ = {
			isa = PBXTargetDependency;
			target = 0EECAD91263E6EB800EF3D27 /* HelloSwiftUI */;
			targetProxy = 0EECADAF263E6EBA00EF3D27 /* PBXContainerItemProxy */;
		};
/* End PBXTargetDependency section */

/* Begin XCBuildConfiguration section */
		0EECADB5263E6EBA00EF3D27 /* Debug */ = {
			isa = XCBuildConfiguration;
			buildSettings = {
				ALWAYS_SEARCH_USER_PATHS = NO;
				CLANG_ANALYZER_NONNULL = YES;
				CLANG_ANALYZER_NUMBER_OBJECT_CONVERSION = YES_AGGRESSIVE;
				CLANG_CXX_LANGUAGE_STANDARD = "gnu++14";
				CLANG_CXX_LIBRARY = "libc++";
				CLANG_ENABLE_MODULES = YES;
				CLANG_ENABLE_OBJC_ARC = YES;
				CLANG_ENABLE_OBJC_WEAK = YES;
				CLANG_WARN_BLOCK_CAPTURE_AUTORELEASING = YES;
				CLANG_WARN_BOOL_CONVERSION = YES;
				CLANG_WARN_COMMA = YES;
				CLANG_WARN_CONSTANT_CONVERSION = YES;
				CLANG_WARN_DEPRECATED_OBJC_IMPLEMENTATIONS = YES;
				CLANG_WARN_DIRECT_OBJC_ISA_USAGE = YES_ERROR;
				CLANG_WARN_DOCUMENTATION_COMMENTS = YES;
				CLANG_WARN_EMPTY_BODY = YES;
				CLANG_WARN_ENUM_CONVERSION = YES;
				CLANG_WARN_INFINITE_RECURSION = YES;
				CLANG_WARN_INT_CONVERSION = YES;
				CLANG_WARN_NON_LITERAL_NULL_CONVERSION = YES;
				CLANG_WARN_OBJC_IMPLICIT_RETAIN_SELF = YES;
				CLANG_WARN_OBJC_LITERAL_CONVERSION = YES;
				CLANG_WARN_OBJC_ROOT_CLASS = YES_ERROR;
				CLANG_WARN_QUOTED_INCLUDE_IN_FRAMEWORK_HEADER = YES;
				CLANG_WARN_RANGE_LOOP_ANALYSIS = YES;
				CLANG_WARN_STRICT_PROTOTYPES = YES;
				CLANG_WARN_SUSPICIOUS_MOVE = YES;
				CLANG_WARN_UNGUARDED_AVAILABILITY = YES_AGGRESSIVE;
				CLANG_WARN_UNREACHABLE_CODE = YES;
				CLANG_WARN__DUPLICATE_METHOD_MATCH = YES;
				COPY_PHASE_STRIP = NO;
				DEBUG_INFORMATION_FORMAT = dwarf;
				ENABLE_STRICT_OBJC_MSGSEND = YES;
				ENABLE_TESTABILITY = YES;
				GCC_C_LANGUAGE_STANDARD = gnu11;
				GCC_DYNAMIC_NO_PIC = NO;
				GCC_NO_COMMON_BLOCKS = YES;
				GCC_OPTIMIZATION_LEVEL = 0;
				GCC_PREPROCESSOR_DEFINITIONS = (
					"DEBUG=1",
					"$(inherited)",
				);
				GCC_WARN_64_TO_32_BIT_CONVERSION = YES;
				GCC_WARN_ABOUT_RETURN_TYPE = YES_ERROR;
				GCC_WARN_UNDECLARED_SELECTOR = YES;
				GCC_WARN_UNINITIALIZED_AUTOS = YES_AGGRESSIVE;
				GCC_WARN_UNUSED_FUNCTION = YES;
				GCC_WARN_UNUSED_VARIABLE = YES;
				IPHONEOS_DEPLOYMENT_TARGET = 14.5;
				MTL_ENABLE_DEBUG_INFO = INCLUDE_SOURCE;
				MTL_FAST_MATH = YES;
				ONLY_ACTIVE_ARCH = YES;
				SDKROOT = iphoneos;
				SWIFT_ACTIVE_COMPILATION_CONDITIONS = DEBUG;
				SWIFT_OPTIMIZATION_LEVEL = "-Onone";
			};
			name = Debug;
		};
		0EECADB6263E6EBA00EF3D27 /* Release */ = {
			isa = XCBuildConfiguration;
			buildSettings = {
				ALWAYS_SEARCH_USER_PATHS = NO;
				CLANG_ANALYZER_NONNULL = YES;
				CLANG_ANALYZER_NUMBER_OBJECT_CONVERSION = YES_AGGRESSIVE;
				CLANG_CXX_LANGUAGE_STANDARD = "gnu++14";
				CLANG_CXX_LIBRARY = "libc++";
				CLANG_ENABLE_MODULES = YES;
				CLANG_ENABLE_OBJC_ARC = YES;
				CLANG_ENABLE_OBJC_WEAK = YES;
				CLANG_WARN_BLOCK_CAPTURE_AUTORELEASING = YES;
				CLANG_WARN_BOOL_CONVERSION = YES;
				CLANG_WARN_COMMA = YES;
				CLANG_WARN_CONSTANT_CONVERSION = YES;
				CLANG_WARN_DEPRECATED_OBJC_IMPLEMENTATIONS = YES;
				CLANG_WARN_DIRECT_OBJC_ISA_USAGE = YES_ERROR;
				CLANG_WARN_DOCUMENTATION_COMMENTS = YES;
				CLANG_WARN_EMPTY_BODY = YES;
				CLANG_WARN_ENUM_CONVERSION = YES;
				CLANG_WARN_INFINITE_RECURSION = YES;
				CLANG_WARN_INT_CONVERSION = YES;
				CLANG_WARN_NON_LITERAL_NULL_CONVERSION = YES;
				CLANG_WARN_OBJC_IMPLICIT_RETAIN_SELF = YES;
				CLANG_WARN_OBJC_LITERAL_CONVERSION = YES;
				CLANG_WARN_OBJC_ROOT_CLASS = YES_ERROR;
				CLANG_WARN_QUOTED_INCLUDE_IN_FRAMEWORK_HEADER = YES;
				CLANG_WARN_RANGE_LOOP_ANALYSIS = YES;
				CLANG_WARN_STRICT_PROTOTYPES = YES;
				CLANG_WARN_SUSPICIOUS_MOVE = YES;
				CLANG_WARN_UNGUARDED_AVAILABILITY = YES_AGGRESSIVE;
				CLANG_WARN_UNREACHABLE_CODE = YES;
				CLANG_WARN__DUPLICATE_METHOD_MATCH = YES;
				COPY_PHASE_STRIP = NO;
				DEBUG_INFORMATION_FORMAT = "dwarf-with-dsym";
				ENABLE_NS_ASSERTIONS = NO;
				ENABLE_STRICT_OBJC_MSGSEND = YES;
				GCC_C_LANGUAGE_STANDARD = gnu11;
				GCC_NO_COMMON_BLOCKS = YES;
				GCC_WARN_64_TO_32_BIT_CONVERSION = YES;
				GCC_WARN_ABOUT_RETURN_TYPE = YES_ERROR;
				GCC_WARN_UNDECLARED_SELECTOR = YES;
				GCC_WARN_UNINITIALIZED_AUTOS = YES_AGGRESSIVE;
				GCC_WARN_UNUSED_FUNCTION = YES;
				GCC_WARN_UNUSED_VARIABLE = YES;
				IPHONEOS_DEPLOYMENT_TARGET = 14.5;
				MTL_ENABLE_DEBUG_INFO = NO;
				MTL_FAST_MATH = YES;
				SDKROOT = iphoneos;
				SWIFT_COMPILATION_MODE = wholemodule;
				SWIFT_OPTIMIZATION_LEVEL = "-O";
				VALIDATE_PRODUCT = YES;
			};
			name = Release;
		};
		0EECADB8263E6EBA00EF3D27 /* Debug */ = {
			isa = XCBuildConfiguration;
			buildSettings = {
				ASSETCATALOG_COMPILER_APPICON_NAME = AppIcon;
				ASSETCATALOG_COMPILER_GLOBAL_ACCENT_COLOR_NAME = AccentColor;
				CODE_SIGN_STYLE = Automatic;
				DEVELOPMENT_ASSET_PATHS = "\"HelloSwiftUI/Preview Content\"";
				DEVELOPMENT_TEAM = 34JA8K689R;
				ENABLE_PREVIEWS = YES;
				INFOPLIST_FILE = HelloSwiftUI/Info.plist;
				IPHONEOS_DEPLOYMENT_TARGET = 14.0;
				LD_RUNPATH_SEARCH_PATHS = (
					"$(inherited)",
					"@executable_path/Frameworks",
				);
				PRODUCT_BUNDLE_IDENTIFIER = me.scud.HelloSwiftUI;
				PRODUCT_NAME = "$(TARGET_NAME)";
				SWIFT_VERSION = 5.0;
				TARGETED_DEVICE_FAMILY = "1,2";
			};
			name = Debug;
		};
		0EECADB9263E6EBA00EF3D27 /* Release */ = {
			isa = XCBuildConfiguration;
			buildSettings = {
				ASSETCATALOG_COMPILER_APPICON_NAME = AppIcon;
				ASSETCATALOG_COMPILER_GLOBAL_ACCENT_COLOR_NAME = AccentColor;
				CODE_SIGN_STYLE = Automatic;
				DEVELOPMENT_ASSET_PATHS = "\"HelloSwiftUI/Preview Content\"";
				DEVELOPMENT_TEAM = 34JA8K689R;
				ENABLE_PREVIEWS = YES;
				INFOPLIST_FILE = HelloSwiftUI/Info.plist;
				IPHONEOS_DEPLOYMENT_TARGET = 14.0;
				LD_RUNPATH_SEARCH_PATHS = (
					"$(inherited)",
					"@executable_path/Frameworks",
				);
				PRODUCT_BUNDLE_IDENTIFIER = me.scud.HelloSwiftUI;
				PRODUCT_NAME = "$(TARGET_NAME)";
				SWIFT_VERSION = 5.0;
				TARGETED_DEVICE_FAMILY = "1,2";
			};
			name = Release;
		};
		0EECADBB263E6EBA00EF3D27 /* Debug */ = {
			isa = XCBuildConfiguration;
			buildSettings = {
				ALWAYS_EMBED_SWIFT_STANDARD_LIBRARIES = YES;
				BUNDLE_LOADER = "$(TEST_HOST)";
				CODE_SIGN_STYLE = Automatic;
				DEVELOPMENT_TEAM = 34JA8K689R;
				INFOPLIST_FILE = HelloSwiftUITests/Info.plist;
				IPHONEOS_DEPLOYMENT_TARGET = 14.0;
				LD_RUNPATH_SEARCH_PATHS = (
					"$(inherited)",
					"@executable_path/Frameworks",
					"@loader_path/Frameworks",
				);
				PRODUCT_BUNDLE_IDENTIFIER = me.scud.HelloSwiftUITests;
				PRODUCT_NAME = "$(TARGET_NAME)";
				SWIFT_VERSION = 5.0;
				TARGETED_DEVICE_FAMILY = "1,2";
				TEST_HOST = "$(BUILT_PRODUCTS_DIR)/HelloSwiftUI.app/HelloSwiftUI";
			};
			name = Debug;
		};
		0EECADBC263E6EBA00EF3D27 /* Release */ = {
			isa = XCBuildConfiguration;
			buildSettings = {
				ALWAYS_EMBED_SWIFT_STANDARD_LIBRARIES = YES;
				BUNDLE_LOADER = "$(TEST_HOST)";
				CODE_SIGN_STYLE = Automatic;
				DEVELOPMENT_TEAM = 34JA8K689R;
				INFOPLIST_FILE = HelloSwiftUITests/Info.plist;
				IPHONEOS_DEPLOYMENT_TARGET = 14.0;
				LD_RUNPATH_SEARCH_PATHS = (
					"$(inherited)",
					"@executable_path/Frameworks",
					"@loader_path/Frameworks",
				);
				PRODUCT_BUNDLE_IDENTIFIER = me.scud.HelloSwiftUITests;
				PRODUCT_NAME = "$(TARGET_NAME)";
				SWIFT_VERSION = 5.0;
				TARGETED_DEVICE_FAMILY = "1,2";
				TEST_HOST = "$(BUILT_PRODUCTS_DIR)/HelloSwiftUI.app/HelloSwiftUI";
			};
			name = Release;
		};
		0EECADBE263E6EBA00EF3D27 /* Debug */ = {
			isa = XCBuildConfiguration;
			buildSettings = {
				ALWAYS_EMBED_SWIFT_STANDARD_LIBRARIES = YES;
				CODE_SIGN_STYLE = Automatic;
				DEVELOPMENT_TEAM = 34JA8K689R;
				INFOPLIST_FILE = HelloSwiftUIUITests/Info.plist;
				LD_RUNPATH_SEARCH_PATHS = (
					"$(inherited)",
					"@executable_path/Frameworks",
					"@loader_path/Frameworks",
				);
				PRODUCT_BUNDLE_IDENTIFIER = me.scud.HelloSwiftUIUITests;
				PRODUCT_NAME = "$(TARGET_NAME)";
				SWIFT_VERSION = 5.0;
				TARGETED_DEVICE_FAMILY = "1,2";
				TEST_TARGET_NAME = HelloSwiftUI;
			};
			name = Debug;
		};
		0EECADBF263E6EBA00EF3D27 /* Release */ = {
			isa = XCBuildConfiguration;
			buildSettings = {
				ALWAYS_EMBED_SWIFT_STANDARD_LIBRARIES = YES;
				CODE_SIGN_STYLE = Automatic;
				DEVELOPMENT_TEAM = 34JA8K689R;
				INFOPLIST_FILE = HelloSwiftUIUITests/Info.plist;
				LD_RUNPATH_SEARCH_PATHS = (
					"$(inherited)",
					"@executable_path/Frameworks",
					"@loader_path/Frameworks",
				);
				PRODUCT_BUNDLE_IDENTIFIER = me.scud.HelloSwiftUIUITests;
				PRODUCT_NAME = "$(TARGET_NAME)";
				SWIFT_VERSION = 5.0;
				TARGETED_DEVICE_FAMILY = "1,2";
				TEST_TARGET_NAME = HelloSwiftUI;
			};
			name = Release;
		};
/* End XCBuildConfiguration section */

/* Begin XCConfigurationList section */
		0EECAD8D263E6EB800EF3D27 /* Build configuration list for PBXProject "HelloSwiftUI" */ = {
			isa = XCConfigurationList;
			buildConfigurations = (
				0EECADB5263E6EBA00EF3D27 /* Debug */,
				0EECADB6263E6EBA00EF3D27 /* Release */,
			);
			defaultConfigurationIsVisible = 0;
			defaultConfigurationName = Release;
		};
		0EECADB7263E6EBA00EF3D27 /* Build configuration list for PBXNativeTarget "HelloSwiftUI" */ = {
			isa = XCConfigurationList;
			buildConfigurations = (
				0EECADB8263E6EBA00EF3D27 /* Debug */,
				0EECADB9263E6EBA00EF3D27 /* Release */,
			);
			defaultConfigurationIsVisible = 0;
			defaultConfigurationName = Release;
		};
		0EECADBA263E6EBA00EF3D27 /* Build configuration list for PBXNativeTarget "HelloSwiftUITests" */ = {
			isa = XCConfigurationList;
			buildConfigurations = (
				0EECADBB263E6EBA00EF3D27 /* Debug */,
				0EECADBC263E6EBA00EF3D27 /* Release */,
			);
			defaultConfigurationIsVisible = 0;
			defaultConfigurationName = Release;
		};
		0EECADBD263E6EBA00EF3D27 /* Build configuration list for PBXNativeTarget "HelloSwiftUIUITests" */ = {
			isa = XCConfigurationList;
			buildConfigurations = (
				0EECADBE263E6EBA00EF3D27 /* Debug */,
				0EECADBF263E6EBA00EF3D27 /* Release */,
			);
			defaultConfigurationIsVisible = 0;
			defaultConfigurationName = Release;
		};
/* End XCConfigurationList section */
	};
	rootObject = 0EECAD8A263E6EB800EF3D27 /* Project object */;
}
